github.com/BurntSushi/toml v0.3.1/go.mod h1:xHWCNGjB5oqiDr8zfno3MHue2Ht5sIBksp03qcyfWMU=
github.com/StackExchange/wmi v0.0.0-20190523213315-cbe66965904d h1:G0m3OIz70MZUWq3EgK3CesDbo8upS2Vm9/P3FtgI+Jk=
github.com/StackExchange/wmi v0.0.0-20190523213315-cbe66965904d/go.mod h1:3eOhrUMpNV+6aFIbp5/iudMxNCF27Vw2OZgy4xEx0Fg=
github.com/aws/aws-lambda-go v1.12.1 h1:rMToYOcPFYDixQ7VNNPg78LmiqPgWD5f8zdLL+EsDAk=
github.com/aws/aws-lambda-go v1.12.1/go.mod h1:z4ywteZ5WwbIEzG0tXizIAUlUwkTNNknX4upd5Z5XJM=
github.com/davecgh/go-spew v1.1.0/go.mod h1:J7Y8YcW2NihsgmVo/mv3lAwl/skON4iLHjSsI+c5H38=
github.com/go-ole/go-ole v1.2.4 h1:nNBDSCOigTSiarFpYE9J/KtEA1IOW4CNeqT9TQDqCxI=
github.com/go-ole/go-ole v1.2.4/go.mod h1:XCwSNxSkXRo4vlyPy93sltvi/qJq0jqQhjqQNIwKuxM=
github.com/pmezard/go-difflib v1.0.0/go.mod h1:iKH77koFhYxTK1pcRnkKkqfTogsbg7gZNVY4sRDYZ/4=
github.com/rcrowley/go-metrics v0.0.0-20190706150252-9beb055b7962 h1:eUm8ma4+yPknhXtkYlWh3tMkE6gBjXZToDned9s2gbQ=
github.com/rcrowley/go-metrics v0.0.0-20190706150252-9beb055b7962/go.mod h1:bCqnVzQkZxMG4s8nGwiZ5l3QUCyqpo9Y+/ZMZ9VjZe4=
github.com/shirou/gopsutil v2.20.3+incompatible h1:0JVooMPsT7A7HqEYdydp/OfjSOYSjhXV7w1hkKj/NPQ=
github.com/shirou/gopsutil v2.20.3+incompatible/go.mod h1:5b4v6he4MtMOwMlS0TUMTu2PcXUg8+E1lC7eC3UO/RA=
github.com/stretchr/objx v0.1.0/go.mod h1:HFkY916IF+rwdDfMAkV7OtwuqBVzrE8GR6GFx+wExME=
github.com/stretchr/testify v1.3.0/go.mod h1:M5WIy9Dh21IEIfnGCwXGc5bZfKNJtfHm1UVUgZn+9EI=
github.com/urfave/cli v1.21.0/go.mod h1:lxDj6qX9Q6lWQxIrbrT0nwecwUtRnhVZAJjJZrVUZZQ=
github.com/wavefronthq/go-metrics-wavefront v0.9.0 h1:CoHS23gt3FZsjSerhqmNxpfMIFQaNM+WPxU/jB/KmRQ=
github.com/wavefronthq/go-metrics-wavefront v0.9.0/go.mod h1:aU/q29aSlzqqUkNHiK0Ddi6Rmtfw1lcLrxKb2VGLiMA=
golang.org/x/sys v0.0.0-20200406155108-e3b113bbe6a4 h1:c1Sgqkh8v6ZxafNGG64r8C8UisIW2TKMJN8P86tKjr0=
golang.org/x/sys v0.0.0-20200406155108-e3b113bbe6a4/go.mod h1:h1NjWce9XRLGQEsW7wpKNCjG9DtNlClVuFLEZdDNbEs=
gopkg.in/check.v1 v0.0.0-20161208181325-20d25e280405/go.mod h1:Co6ibVJAznAaIkqp8huTwlJQCZ016jof/cbN4VW5Yz0=
gopkg.in/yaml.v2 v2.2.2/go.mod h1:hI93XBmqTisBFMUTm0b8Fm+jr3Dg1NNxqwp+5A1VGuI=
